
Microsoft Visual Studio Solution File, Format Version 12.00
# Visual Studio Version 17
VisualStudioVersion = 17.10.35013.160
MinimumVisualStudioVersion = 10.0.40219.1
Project("{FAE04EC0-301F-11D3-BF4B-00C04F79EFBC}") = "ProductStore", "ProductStore\ProductStore.csproj", "{F10A122F-C007-4443-B334-57FA476D9869}"
EndProject
Global
	GlobalSection(SolutionConfigurationPlatforms) = preSolution
		Debug|Any CPU = Debug|Any CPU
		Release|Any CPU = Release|Any CPU
	EndGlobalSection
	GlobalSection(ProjectConfigurationPlatforms) = postSolution
		{F10A122F-C007-4443-B334-57FA476D9869}.Debug|Any CPU.ActiveCfg = Debug|Any CPU
		{F10A122F-C007-4443-B334-57FA476D9869}.Debug|Any CPU.Build.0 = Debug|Any CPU
		{F10A122F-C007-4443-B334-57FA476D9869}.Release|Any CPU.ActiveCfg = Release|Any CPU
		{F10A122F-C007-4443-B334-57FA476D9869}.Release|Any CPU.Build.0 = Release|Any CPU
	EndGlobalSection
	GlobalSection(SolutionProperties) = preSolution
		HideSolutionNode = FALSE
	EndGlobalSection
	GlobalSection(ExtensibilityGlobals) = postSolution
		SolutionGuid = {5FDD7D91-F95F-4064-9CA3-2FDE64FE2412}
	EndGlobalSection
EndGlobal
